<Solution>
  <Configurations>
    <Platform Name="Any CPU" />
    <Platform Name="ARM64" />
    <Platform Name="x64" />
    <Platform Name="x86" />
  </Configurations>
  <Folder Name="/Tests/">
    <Project Path="Tests/ArchTests/ArchTests.csproj">
      <Platform Solution="*|ARM64" Project="ARM64" />
      <Platform Solution="*|x64" Project="x64" />
      <Platform Solution="*|x86" Project="x86" />
      <Build Solution="*|ARM64" Project="false" />
      <Build Solution="*|x64" Project="false" />
      <Build Solution="*|x86" Project="false" />
      <Build Solution="Release|Any CPU" Project="false" />
    </Project>
    <Project Path="Tests/UnitTests/UnitTests.csproj">
      <Platform Solution="*|ARM64" Project="ARM64" />
      <Platform Solution="*|x64" Project="x64" />
      <Platform Solution="*|x86" Project="x86" />
      <Build Solution="*|ARM64" Project="false" />
      <Build Solution="*|x64" Project="false" />
      <Build Solution="*|x86" Project="false" />
      <Build Solution="Release|Any CPU" Project="false" />
    </Project>
  </Folder>
  <Project Path="ThunderPropagator.Clients.DotNet.csproj">
    <Platform Solution="*|ARM64" Project="ARM64" />
    <Platform Solution="*|x64" Project="x64" />
    <Platform Solution="*|x86" Project="x86" />
  </Project>
</Solution>
